
Microsoft Visual Studio Solution File, Format Version 12.00
# Visual Studio Version 17
VisualStudioVersion = 17.4.33213.308
MinimumVisualStudioVersion = 10.0.40219.1
Project("{9A19103F-16F7-4668-BE54-9A1E7A4F7556}") = "Photosoil.API", "Photosoil.API\Photosoil.API.csproj", "{E68802DB-6152-46DE-B99D-3D25E3FD1B17}"
EndProject
Project("{9A19103F-16F7-4668-BE54-9A1E7A4F7556}") = "Photosoil.Core", "Photosoil.Core\Photosoil.Core\Photosoil.Core.csproj", "{43656CAD-530E-44D6-8324-8EEB0FE15B6F}"
EndProject
Project("{9A19103F-16F7-4668-BE54-9A1E7A4F7556}") = "Photosoil.Service", "Photosoil.Service\Photosoil.Service\Photosoil.Service.csproj", "{0BCD9783-62C7-4F34-9751-AE555DDCFCB9}"
EndProject
Project("{E53339B2-1760-4266-BCC7-CA923CBCF16C}") = "docker-compose", "docker-compose.dcproj", "{0F36B7FE-F599-49D6-951E-5EFDF5F392F7}"
EndProject
Project("{9A19103F-16F7-4668-BE54-9A1E7A4F7556}") = "Photosoil.Test", "Photosoil.Test\Photosoil.Test\Photosoil.Test.csproj", "{6DABE3EA-874B-4B7D-8033-1F59E431FB3E}"
EndProject
Project("{9A19103F-16F7-4668-BE54-9A1E7A4F7556}") = "TestProject1", "Photosoil.Test\Photosoil.MSTest\TestProject1\TestProject1.csproj", "{2BBB8A84-9EF0-4951-9461-2ED41933CC18}"
EndProject
Project("{9A19103F-16F7-4668-BE54-9A1E7A4F7556}") = "asxccdasas", "asxccdasas\asxccdasas.csproj", "{CE552F19-EAC0-4A3A-95D3-2B77CFA77863}"
EndProject
Project("{9A19103F-16F7-4668-BE54-9A1E7A4F7556}") = "ClassLibrary1", "ClassLibrary1\ClassLibrary1.csproj", "{B3A18799-193C-4848-AE5F-BD16EE330F12}"
EndProject
Global
	GlobalSection(SolutionConfigurationPlatforms) = preSolution
		Debug|Any CPU = Debug|Any CPU
		Release|Any CPU = Release|Any CPU
	EndGlobalSection
	GlobalSection(ProjectConfigurationPlatforms) = postSolution
		{E68802DB-6152-46DE-B99D-3D25E3FD1B17}.Debug|Any CPU.ActiveCfg = Debug|Any CPU
		{E68802DB-6152-46DE-B99D-3D25E3FD1B17}.Debug|Any CPU.Build.0 = Debug|Any CPU
		{E68802DB-6152-46DE-B99D-3D25E3FD1B17}.Release|Any CPU.ActiveCfg = Release|Any CPU
		{E68802DB-6152-46DE-B99D-3D25E3FD1B17}.Release|Any CPU.Build.0 = Release|Any CPU
		{43656CAD-530E-44D6-8324-8EEB0FE15B6F}.Debug|Any CPU.ActiveCfg = Debug|Any CPU
		{43656CAD-530E-44D6-8324-8EEB0FE15B6F}.Debug|Any CPU.Build.0 = Debug|Any CPU
		{43656CAD-530E-44D6-8324-8EEB0FE15B6F}.Release|Any CPU.ActiveCfg = Release|Any CPU
		{43656CAD-530E-44D6-8324-8EEB0FE15B6F}.Release|Any CPU.Build.0 = Release|Any CPU
		{0BCD9783-62C7-4F34-9751-AE555DDCFCB9}.Debug|Any CPU.ActiveCfg = Debug|Any CPU
		{0BCD9783-62C7-4F34-9751-AE555DDCFCB9}.Debug|Any CPU.Build.0 = Debug|Any CPU
		{0BCD9783-62C7-4F34-9751-AE555DDCFCB9}.Release|Any CPU.ActiveCfg = Release|Any CPU
		{0BCD9783-62C7-4F34-9751-AE555DDCFCB9}.Release|Any CPU.Build.0 = Release|Any CPU
		{0F36B7FE-F599-49D6-951E-5EFDF5F392F7}.Debug|Any CPU.ActiveCfg = Debug|Any CPU
		{0F36B7FE-F599-49D6-951E-5EFDF5F392F7}.Debug|Any CPU.Build.0 = Debug|Any CPU
		{0F36B7FE-F599-49D6-951E-5EFDF5F392F7}.Release|Any CPU.ActiveCfg = Release|Any CPU
		{0F36B7FE-F599-49D6-951E-5EFDF5F392F7}.Release|Any CPU.Build.0 = Release|Any CPU
		{6DABE3EA-874B-4B7D-8033-1F59E431FB3E}.Debug|Any CPU.ActiveCfg = Debug|Any CPU
		{6DABE3EA-874B-4B7D-8033-1F59E431FB3E}.Debug|Any CPU.Build.0 = Debug|Any CPU
		{6DABE3EA-874B-4B7D-8033-1F59E431FB3E}.Release|Any CPU.ActiveCfg = Release|Any CPU
		{6DABE3EA-874B-4B7D-8033-1F59E431FB3E}.Release|Any CPU.Build.0 = Release|Any CPU
		{2BBB8A84-9EF0-4951-9461-2ED41933CC18}.Debug|Any CPU.ActiveCfg = Debug|Any CPU
		{2BBB8A84-9EF0-4951-9461-2ED41933CC18}.Debug|Any CPU.Build.0 = Debug|Any CPU
		{2BBB8A84-9EF0-4951-9461-2ED41933CC18}.Release|Any CPU.ActiveCfg = Release|Any CPU
		{2BBB8A84-9EF0-4951-9461-2ED41933CC18}.Release|Any CPU.Build.0 = Release|Any CPU
		{CE552F19-EAC0-4A3A-95D3-2B77CFA77863}.Debug|Any CPU.ActiveCfg = Debug|Any CPU
		{CE552F19-EAC0-4A3A-95D3-2B77CFA77863}.Debug|Any CPU.Build.0 = Debug|Any CPU
		{CE552F19-EAC0-4A3A-95D3-2B77CFA77863}.Release|Any CPU.ActiveCfg = Release|Any CPU
		{CE552F19-EAC0-4A3A-95D3-2B77CFA77863}.Release|Any CPU.Build.0 = Release|Any CPU
		{B3A18799-193C-4848-AE5F-BD16EE330F12}.Debug|Any CPU.ActiveCfg = Debug|Any CPU
		{B3A18799-193C-4848-AE5F-BD16EE330F12}.Debug|Any CPU.Build.0 = Debug|Any CPU
		{B3A18799-193C-4848-AE5F-BD16EE330F12}.Release|Any CPU.ActiveCfg = Release|Any CPU
		{B3A18799-193C-4848-AE5F-BD16EE330F12}.Release|Any CPU.Build.0 = Release|Any CPU
	EndGlobalSection
	GlobalSection(SolutionProperties) = preSolution
		HideSolutionNode = FALSE
	EndGlobalSection
	GlobalSection(ExtensibilityGlobals) = postSolution
		SolutionGuid = {10A7BAD1-21F7-4EB2-ADB0-971E49D06329}
	EndGlobalSection
EndGlobal
